PODS:
  - Realm (10.1.4):
    - Realm/Headers (= 10.1.4)
  - Realm/Headers (10.1.4)
  - RealmSwift (10.1.4):
    - Realm (= 10.1.4)
  - RxCocoa (5.1.1):
    - RxRelay (~> 5)
    - RxSwift (~> 5)
  - RxRealm (4.0.0):
    - RealmSwift (~> 10.1)
    - RxSwift (~> 5.0)
  - RxRealmDataSources (0.3):
    - RealmSwift (~> 10.1)
    - RxCocoa (~> 5.1)
    - RxRealm (~> 4.0)
    - RxSwift (~> 5.1)
  - RxRelay (5.1.1):
    - RxSwift (~> 5)
  - RxSwift (5.1.1)

DEPENDENCIES:
  - RealmSwift (~> 10.1)
  - RxCocoa
  - RxRealm (from `https://github.com/iDevid/RxRealm`)
  - RxRealmDataSources (from `../`)
  - RxSwift

SPEC REPOS:
  trunk:
    - Realm
    - RealmSwift
    - RxCocoa
    - RxRelay
    - RxSwift

EXTERNAL SOURCES:
  RxRealm:
    :git: https://github.com/iDevid/RxRealm
  RxRealmDataSources:
    :path: "../"

CHECKOUT OPTIONS:
  RxRealm:
    :commit: fe7687c5db99972f3ef36832ac2b61d09ca5594d
    :git: https://github.com/iDevid/RxRealm

SPEC CHECKSUMS:
  Realm: 80f4fb2971ccb9adc27a47d0955ae8e533a7030b
  RealmSwift: 0e566ca714edb377bba8ea0811eafcea0b93734e
  RxCocoa: 32065309a38d29b5b0db858819b5bf9ef038b601
  RxRealm: 684c1d5e9dc7a075fa925894fc042f1aecc18ac7
  RxRealmDataSources: 3fd285e0ebb4de8501665d8a40c12301cd181258
  RxRelay: d77f7d771495f43c556cbc43eebd1bb54d01e8e9
  RxSwift: 81470a2074fa8780320ea5fe4102807cb7118178

PODFILE CHECKSUM: 338369279a7ea07988f784d993911dc0705f11c3

COCOAPODS: 1.10.0
