PODS:
  - Realm (3.11.1):
    - Realm/Headers (= 3.11.1)
  - Realm/Headers (3.11.1)
  - RealmSwift (3.11.1):
    - Realm (= 3.11.1)
  - RxAtomic (4.4.0)
  - RxCocoa (4.4.0):
    - RxSwift (~> 4.0)
  - RxRealm (0.7.6):
    - RealmSwift (~> 3.0)
    - RxSwift (~> 4.0)
  - RxRealmDataSources (0.2.10):
    - RealmSwift (~> 3.10)
    - RxCocoa (~> 4.0)
    - RxRealm (~> 0.7.6)
    - RxSwift (~> 4.0)
  - RxSwift (4.4.0):
    - RxAtomic (~> 4.4)

DEPENDENCIES:
  - RealmSwift (~> 3.11)
  - RxCocoa (~> 4.0)
  - RxRealm (~> 0.7.6)
  - RxRealmDataSources
  - RxSwift (~> 4.0)

SPEC REPOS:
  https://github.com/cocoapods/specs.git:
    - Realm
    - RealmSwift
    - RxAtomic
    - RxCocoa
    - RxRealm
    - RxRealmDataSources
    - RxSwift

SPEC CHECKSUMS:
  Realm: 037c5919b9ceb59d6beed5d3b031096856b119b3
  RealmSwift: c9580133e73ef40ed340401af2dbc9a5790dfea7
  RxAtomic: eacf60db868c96bfd63320e28619fe29c179656f
  RxCocoa: df63ebf7b9a70d6b4eeea407ed5dd4efc8979749
  RxRealm: 5379eddd74f8d617ca7681d1f8d144af25b432b0
  RxRealmDataSources: 89b61c0d3edf7769da2a6bf4dcf317bc713394db
  RxSwift: 5976ecd04fc2fefd648827c23de5e11157faa973

PODFILE CHECKSUM: a3180491ccbeabcb907d3fdf5ac86fc27095ec4e

COCOAPODS: 1.5.3
