// !$*UTF8*$!
{
	archiveVersion = 1;
	classes = {
	};
	objectVersion = 46;
	objects = {

/* Begin PBXBuildFile section */
		0306C4A139270E5DDE83F7C4 /* Pods_Demo_RxRealmDataSources_MacExample.framework in Frameworks */ = {isa = PBXBuildFile; fileRef = 1E7B9053C749B708247231C9 /* Pods_Demo_RxRealmDataSources_MacExample.framework */; };
		607FACD61AFB9204008FA782 /* AppDelegate.swift in Sources */ = {isa = PBXBuildFile; fileRef = 607FACD51AFB9204008FA782 /* AppDelegate.swift */; };
		607FACD81AFB9204008FA782 /* ViewController.swift in Sources */ = {isa = PBXBuildFile; fileRef = 607FACD71AFB9204008FA782 /* ViewController.swift */; };
		607FACDB1AFB9204008FA782 /* Main.storyboard in Resources */ = {isa = PBXBuildFile; fileRef = 607FACD91AFB9204008FA782 /* Main.storyboard */; };
		607FACDD1AFB9204008FA782 /* Images.xcassets in Resources */ = {isa = PBXBuildFile; fileRef = 607FACDC1AFB9204008FA782 /* Images.xcassets */; };
		607FACE01AFB9204008FA782 /* LaunchScreen.xib in Resources */ = {isa = PBXBuildFile; fileRef = 607FACDE1AFB9204008FA782 /* LaunchScreen.xib */; };
		862D3394321865725DEC68F5 /* Pods_Demo_RxRealmDataSources_Example.framework in Frameworks */ = {isa = PBXBuildFile; fileRef = A984ED2264CDA0E74AD2119F /* Pods_Demo_RxRealmDataSources_Example.framework */; };
		9C530D081DFDD7340096144C /* DataRandomizer.swift in Sources */ = {isa = PBXBuildFile; fileRef = 9C530D071DFDD7340096144C /* DataRandomizer.swift */; };
		9C5B02D21E1678C80009FBDE /* AppDelegate.swift in Sources */ = {isa = PBXBuildFile; fileRef = 9C5B02D11E1678C80009FBDE /* AppDelegate.swift */; };
		9C5B02D61E1678C80009FBDE /* Assets.xcassets in Resources */ = {isa = PBXBuildFile; fileRef = 9C5B02D51E1678C80009FBDE /* Assets.xcassets */; };
		9C5B02D91E1678C80009FBDE /* Main.storyboard in Resources */ = {isa = PBXBuildFile; fileRef = 9C5B02D71E1678C80009FBDE /* Main.storyboard */; };
		9C5B02E21E167A3D0009FBDE /* MenuViewController.swift in Sources */ = {isa = PBXBuildFile; fileRef = 9C5B02E11E167A3D0009FBDE /* MenuViewController.swift */; };
		9C5B02E61E16AABA0009FBDE /* TableViewController.swift in Sources */ = {isa = PBXBuildFile; fileRef = 9C5B02E41E16AABA0009FBDE /* TableViewController.swift */; };
		9C5B02E81E16AB080009FBDE /* DataRandomizer.swift in Sources */ = {isa = PBXBuildFile; fileRef = 9C530D071DFDD7340096144C /* DataRandomizer.swift */; };
		9C5B02E91E16AB0C0009FBDE /* Lap.swift in Sources */ = {isa = PBXBuildFile; fileRef = 9CB0B5741DF9E9E800F947D0 /* Lap.swift */; };
		9C5B02EA1E16AB0C0009FBDE /* Timer.swift in Sources */ = {isa = PBXBuildFile; fileRef = 9CB0B5761DF9EA0F00F947D0 /* Timer.swift */; };
		9C5B02ED1E16C50F0009FBDE /* CollectionViewController.swift in Sources */ = {isa = PBXBuildFile; fileRef = 9C5B02EC1E16C50F0009FBDE /* CollectionViewController.swift */; };
		9C5B02F21E16C8270009FBDE /* CollectionItem.swift in Sources */ = {isa = PBXBuildFile; fileRef = 9C5B02F01E16C8270009FBDE /* CollectionItem.swift */; };
		9C5B02F31E16C8270009FBDE /* CollectionItem.xib in Resources */ = {isa = PBXBuildFile; fileRef = 9C5B02F11E16C8270009FBDE /* CollectionItem.xib */; };
		9CA37C471DF853E500C1DF6C /* PersonCell.swift in Sources */ = {isa = PBXBuildFile; fileRef = 9CA37C461DF853E500C1DF6C /* PersonCell.swift */; };
		9CA89C631DFDF129008ADCD2 /* LapCollectionCell.swift in Sources */ = {isa = PBXBuildFile; fileRef = 9CA89C621DFDF129008ADCD2 /* LapCollectionCell.swift */; };
		9CA89C651DFDF1A4008ADCD2 /* CollectionViewController.swift in Sources */ = {isa = PBXBuildFile; fileRef = 9CA89C641DFDF1A4008ADCD2 /* CollectionViewController.swift */; };
		9CB0B5751DF9E9E800F947D0 /* Lap.swift in Sources */ = {isa = PBXBuildFile; fileRef = 9CB0B5741DF9E9E800F947D0 /* Lap.swift */; };
		9CB0B5771DF9EA0F00F947D0 /* Timer.swift in Sources */ = {isa = PBXBuildFile; fileRef = 9CB0B5761DF9EA0F00F947D0 /* Timer.swift */; };
		A224318E204F5D8300E916A4 /* DataRandomizer.swift in Sources */ = {isa = PBXBuildFile; fileRef = 9C530D071DFDD7340096144C /* DataRandomizer.swift */; };
		A224318F204F5D8600E916A4 /* Lap.swift in Sources */ = {isa = PBXBuildFile; fileRef = 9CB0B5741DF9E9E800F947D0 /* Lap.swift */; };
		A2243190204F5D8800E916A4 /* Timer.swift in Sources */ = {isa = PBXBuildFile; fileRef = 9CB0B5761DF9EA0F00F947D0 /* Timer.swift */; };
		A2243194204F5F0200E916A4 /* LapCollectionCell.swift in Sources */ = {isa = PBXBuildFile; fileRef = A2243193204F5F0200E916A4 /* LapCollectionCell.swift */; };
		A2243196204F5F2C00E916A4 /* CollectionViewController.swift in Sources */ = {isa = PBXBuildFile; fileRef = A2243195204F5F2C00E916A4 /* CollectionViewController.swift */; };
		A2D918DA204F59E800F41745 /* TableViewController.swift in Sources */ = {isa = PBXBuildFile; fileRef = A2D918D8204F594E00F41745 /* TableViewController.swift */; };
		A2D918DD204F5A2800F41745 /* PersonCell.swift in Sources */ = {isa = PBXBuildFile; fileRef = A2D918DB204F5A2100F41745 /* PersonCell.swift */; };
		A2DFC4A7204F54CF0011234D /* AppDelegate.swift in Sources */ = {isa = PBXBuildFile; fileRef = A2DFC4A6204F54CF0011234D /* AppDelegate.swift */; };
		A2DFC4AC204F54CF0011234D /* Main.storyboard in Resources */ = {isa = PBXBuildFile; fileRef = A2DFC4AA204F54CF0011234D /* Main.storyboard */; };
		A2DFC4AE204F54CF0011234D /* Assets.xcassets in Resources */ = {isa = PBXBuildFile; fileRef = A2DFC4AD204F54CF0011234D /* Assets.xcassets */; };
		CCDB68C5BF15FCF152F215BB /* Pods_Demo_RxRealmDataSources_tvOSExample.framework in Frameworks */ = {isa = PBXBuildFile; fileRef = ED3EE956E56967135C6965AA /* Pods_Demo_RxRealmDataSources_tvOSExample.framework */; };
/* End PBXBuildFile section */

/* Begin PBXFileReference section */
		1E7B9053C749B708247231C9 /* Pods_Demo_RxRealmDataSources_MacExample.framework */ = {isa = PBXFileReference; explicitFileType = wrapper.framework; includeInIndex = 0; path = Pods_Demo_RxRealmDataSources_MacExample.framework; sourceTree = BUILT_PRODUCTS_DIR; };
		2234A7252CB12801B9D5CC59 /* RxRealmDataSources.podspec */ = {isa = PBXFileReference; includeInIndex = 1; lastKnownFileType = text; name = RxRealmDataSources.podspec; path = ../RxRealmDataSources.podspec; sourceTree = "<group>"; };
		389E1B2B7B345E4DD32A154F /* README.md */ = {isa = PBXFileReference; includeInIndex = 1; lastKnownFileType = net.daringfireball.markdown; name = README.md; path = ../README.md; sourceTree = "<group>"; };
		607FACD01AFB9204008FA782 /* RxRealmDataSources_Example.app */ = {isa = PBXFileReference; explicitFileType = wrapper.application; includeInIndex = 0; path = RxRealmDataSources_Example.app; sourceTree = BUILT_PRODUCTS_DIR; };
		607FACD41AFB9204008FA782 /* Info.plist */ = {isa = PBXFileReference; lastKnownFileType = text.plist.xml; path = Info.plist; sourceTree = "<group>"; };
		607FACD51AFB9204008FA782 /* AppDelegate.swift */ = {isa = PBXFileReference; lastKnownFileType = sourcecode.swift; path = AppDelegate.swift; sourceTree = "<group>"; };
		607FACD71AFB9204008FA782 /* ViewController.swift */ = {isa = PBXFileReference; lastKnownFileType = sourcecode.swift; path = ViewController.swift; sourceTree = "<group>"; };
		607FACDA1AFB9204008FA782 /* Base */ = {isa = PBXFileReference; lastKnownFileType = file.storyboard; name = Base; path = Base.lproj/Main.storyboard; sourceTree = "<group>"; };
		607FACDC1AFB9204008FA782 /* Images.xcassets */ = {isa = PBXFileReference; lastKnownFileType = folder.assetcatalog; path = Images.xcassets; sourceTree = "<group>"; };
		607FACDF1AFB9204008FA782 /* Base */ = {isa = PBXFileReference; lastKnownFileType = file.xib; name = Base; path = Base.lproj/LaunchScreen.xib; sourceTree = "<group>"; };
		8B44F513AB5BF63A373727F3 /* Pods-Demo-RxRealmDataSources_MacExample.release.xcconfig */ = {isa = PBXFileReference; includeInIndex = 1; lastKnownFileType = text.xcconfig; name = "Pods-Demo-RxRealmDataSources_MacExample.release.xcconfig"; path = "Pods/Target Support Files/Pods-Demo-RxRealmDataSources_MacExample/Pods-Demo-RxRealmDataSources_MacExample.release.xcconfig"; sourceTree = "<group>"; };
		9C530D071DFDD7340096144C /* DataRandomizer.swift */ = {isa = PBXFileReference; fileEncoding = 4; lastKnownFileType = sourcecode.swift; name = DataRandomizer.swift; path = RxRealmDataSources/DataRandomizer.swift; sourceTree = "<group>"; };
		9C5B02CF1E1678C80009FBDE /* RxRealmDataSources_MacExample.app */ = {isa = PBXFileReference; explicitFileType = wrapper.application; includeInIndex = 0; path = RxRealmDataSources_MacExample.app; sourceTree = BUILT_PRODUCTS_DIR; };
		9C5B02D11E1678C80009FBDE /* AppDelegate.swift */ = {isa = PBXFileReference; lastKnownFileType = sourcecode.swift; path = AppDelegate.swift; sourceTree = "<group>"; };
		9C5B02D51E1678C80009FBDE /* Assets.xcassets */ = {isa = PBXFileReference; lastKnownFileType = folder.assetcatalog; path = Assets.xcassets; sourceTree = "<group>"; };
		9C5B02D81E1678C80009FBDE /* Base */ = {isa = PBXFileReference; lastKnownFileType = file.storyboard; name = Base; path = Base.lproj/Main.storyboard; sourceTree = "<group>"; };
		9C5B02DA1E1678C80009FBDE /* Info.plist */ = {isa = PBXFileReference; lastKnownFileType = text.plist.xml; path = Info.plist; sourceTree = "<group>"; };
		9C5B02E11E167A3D0009FBDE /* MenuViewController.swift */ = {isa = PBXFileReference; fileEncoding = 4; lastKnownFileType = sourcecode.swift; path = MenuViewController.swift; sourceTree = "<group>"; };
		9C5B02E41E16AABA0009FBDE /* TableViewController.swift */ = {isa = PBXFileReference; fileEncoding = 4; lastKnownFileType = sourcecode.swift; path = TableViewController.swift; sourceTree = "<group>"; };
		9C5B02EC1E16C50F0009FBDE /* CollectionViewController.swift */ = {isa = PBXFileReference; fileEncoding = 4; lastKnownFileType = sourcecode.swift; path = CollectionViewController.swift; sourceTree = "<group>"; };
		9C5B02F01E16C8270009FBDE /* CollectionItem.swift */ = {isa = PBXFileReference; fileEncoding = 4; lastKnownFileType = sourcecode.swift; path = CollectionItem.swift; sourceTree = "<group>"; };
		9C5B02F11E16C8270009FBDE /* CollectionItem.xib */ = {isa = PBXFileReference; fileEncoding = 4; lastKnownFileType = file.xib; path = CollectionItem.xib; sourceTree = "<group>"; };
		9CA37C461DF853E500C1DF6C /* PersonCell.swift */ = {isa = PBXFileReference; fileEncoding = 4; lastKnownFileType = sourcecode.swift; path = PersonCell.swift; sourceTree = "<group>"; };
		9CA89C621DFDF129008ADCD2 /* LapCollectionCell.swift */ = {isa = PBXFileReference; fileEncoding = 4; lastKnownFileType = sourcecode.swift; path = LapCollectionCell.swift; sourceTree = "<group>"; };
		9CA89C641DFDF1A4008ADCD2 /* CollectionViewController.swift */ = {isa = PBXFileReference; fileEncoding = 4; lastKnownFileType = sourcecode.swift; path = CollectionViewController.swift; sourceTree = "<group>"; };
		9CB0B5741DF9E9E800F947D0 /* Lap.swift */ = {isa = PBXFileReference; fileEncoding = 4; lastKnownFileType = sourcecode.swift; path = Lap.swift; sourceTree = "<group>"; };
		9CB0B5761DF9EA0F00F947D0 /* Timer.swift */ = {isa = PBXFileReference; fileEncoding = 4; lastKnownFileType = sourcecode.swift; path = Timer.swift; sourceTree = "<group>"; };
		A2243191204F5DDF00E916A4 /* Info.plist */ = {isa = PBXFileReference; fileEncoding = 4; lastKnownFileType = text.plist.xml; path = Info.plist; sourceTree = "<group>"; };
		A2243193204F5F0200E916A4 /* LapCollectionCell.swift */ = {isa = PBXFileReference; lastKnownFileType = sourcecode.swift; path = LapCollectionCell.swift; sourceTree = "<group>"; };
		A2243195204F5F2C00E916A4 /* CollectionViewController.swift */ = {isa = PBXFileReference; lastKnownFileType = sourcecode.swift; path = CollectionViewController.swift; sourceTree = "<group>"; };
		A2D918D8204F594E00F41745 /* TableViewController.swift */ = {isa = PBXFileReference; lastKnownFileType = sourcecode.swift; path = TableViewController.swift; sourceTree = "<group>"; };
		A2D918DB204F5A2100F41745 /* PersonCell.swift */ = {isa = PBXFileReference; lastKnownFileType = sourcecode.swift; path = PersonCell.swift; sourceTree = "<group>"; };
		A2DFC4A4204F54CF0011234D /* RxRealmDataSources_tvOSExample.app */ = {isa = PBXFileReference; explicitFileType = wrapper.application; includeInIndex = 0; path = RxRealmDataSources_tvOSExample.app; sourceTree = BUILT_PRODUCTS_DIR; };
		A2DFC4A6204F54CF0011234D /* AppDelegate.swift */ = {isa = PBXFileReference; lastKnownFileType = sourcecode.swift; path = AppDelegate.swift; sourceTree = "<group>"; };
		A2DFC4AB204F54CF0011234D /* Base */ = {isa = PBXFileReference; lastKnownFileType = file.storyboard; name = Base; path = Base.lproj/Main.storyboard; sourceTree = "<group>"; };
		A2DFC4AD204F54CF0011234D /* Assets.xcassets */ = {isa = PBXFileReference; lastKnownFileType = folder.assetcatalog; path = Assets.xcassets; sourceTree = "<group>"; };
		A65CB15E78C33DDD05574CDB /* Pods-Demo-RxRealmDataSources_MacExample.debug.xcconfig */ = {isa = PBXFileReference; includeInIndex = 1; lastKnownFileType = text.xcconfig; name = "Pods-Demo-RxRealmDataSources_MacExample.debug.xcconfig"; path = "Pods/Target Support Files/Pods-Demo-RxRealmDataSources_MacExample/Pods-Demo-RxRealmDataSources_MacExample.debug.xcconfig"; sourceTree = "<group>"; };
		A984ED2264CDA0E74AD2119F /* Pods_Demo_RxRealmDataSources_Example.framework */ = {isa = PBXFileReference; explicitFileType = wrapper.framework; includeInIndex = 0; path = Pods_Demo_RxRealmDataSources_Example.framework; sourceTree = BUILT_PRODUCTS_DIR; };
		CEC07118486CED8E4E20CBE0 /* Pods-Demo-RxRealmDataSources_Example.release.xcconfig */ = {isa = PBXFileReference; includeInIndex = 1; lastKnownFileType = text.xcconfig; name = "Pods-Demo-RxRealmDataSources_Example.release.xcconfig"; path = "Pods/Target Support Files/Pods-Demo-RxRealmDataSources_Example/Pods-Demo-RxRealmDataSources_Example.release.xcconfig"; sourceTree = "<group>"; };
		E3E8943D66A5DD44321746A0 /* Pods-Demo-RxRealmDataSources_Example.debug.xcconfig */ = {isa = PBXFileReference; includeInIndex = 1; lastKnownFileType = text.xcconfig; name = "Pods-Demo-RxRealmDataSources_Example.debug.xcconfig"; path = "Pods/Target Support Files/Pods-Demo-RxRealmDataSources_Example/Pods-Demo-RxRealmDataSources_Example.debug.xcconfig"; sourceTree = "<group>"; };
		E7C7AD974680CD46BCA7D8A4 /* Pods-Demo-RxRealmDataSources_tvOSExample.release.xcconfig */ = {isa = PBXFileReference; includeInIndex = 1; lastKnownFileType = text.xcconfig; name = "Pods-Demo-RxRealmDataSources_tvOSExample.release.xcconfig"; path = "Pods/Target Support Files/Pods-Demo-RxRealmDataSources_tvOSExample/Pods-Demo-RxRealmDataSources_tvOSExample.release.xcconfig"; sourceTree = "<group>"; };
		ED3EE956E56967135C6965AA /* Pods_Demo_RxRealmDataSources_tvOSExample.framework */ = {isa = PBXFileReference; explicitFileType = wrapper.framework; includeInIndex = 0; path = Pods_Demo_RxRealmDataSources_tvOSExample.framework; sourceTree = BUILT_PRODUCTS_DIR; };
		F047F94251BA9258A7A94AEE /* LICENSE */ = {isa = PBXFileReference; includeInIndex = 1; lastKnownFileType = text; name = LICENSE; path = ../LICENSE; sourceTree = "<group>"; };
		FC75A91D00705BA67E7F6ECB /* Pods-Demo-RxRealmDataSources_tvOSExample.debug.xcconfig */ = {isa = PBXFileReference; includeInIndex = 1; lastKnownFileType = text.xcconfig; name = "Pods-Demo-RxRealmDataSources_tvOSExample.debug.xcconfig"; path = "Pods/Target Support Files/Pods-Demo-RxRealmDataSources_tvOSExample/Pods-Demo-RxRealmDataSources_tvOSExample.debug.xcconfig"; sourceTree = "<group>"; };
/* End PBXFileReference section */

/* Begin PBXFrameworksBuildPhase section */
		607FACCD1AFB9204008FA782 /* Frameworks */ = {
			isa = PBXFrameworksBuildPhase;
			buildActionMask = 2147483647;
			files = (
				862D3394321865725DEC68F5 /* Pods_Demo_RxRealmDataSources_Example.framework in Frameworks */,
			);
			runOnlyForDeploymentPostprocessing = 0;
		};
		9C5B02CC1E1678C80009FBDE /* Frameworks */ = {
			isa = PBXFrameworksBuildPhase;
			buildActionMask = 2147483647;
			files = (
				0306C4A139270E5DDE83F7C4 /* Pods_Demo_RxRealmDataSources_MacExample.framework in Frameworks */,
			);
			runOnlyForDeploymentPostprocessing = 0;
		};
		A2DFC4A1204F54CF0011234D /* Frameworks */ = {
			isa = PBXFrameworksBuildPhase;
			buildActionMask = 2147483647;
			files = (
				CCDB68C5BF15FCF152F215BB /* Pods_Demo_RxRealmDataSources_tvOSExample.framework in Frameworks */,
			);
			runOnlyForDeploymentPostprocessing = 0;
		};
/* End PBXFrameworksBuildPhase section */

/* Begin PBXGroup section */
		407FD42C9C6C16E35C51A075 /* Pods */ = {
			isa = PBXGroup;
			children = (
				E3E8943D66A5DD44321746A0 /* Pods-Demo-RxRealmDataSources_Example.debug.xcconfig */,
				CEC07118486CED8E4E20CBE0 /* Pods-Demo-RxRealmDataSources_Example.release.xcconfig */,
				A65CB15E78C33DDD05574CDB /* Pods-Demo-RxRealmDataSources_MacExample.debug.xcconfig */,
				8B44F513AB5BF63A373727F3 /* Pods-Demo-RxRealmDataSources_MacExample.release.xcconfig */,
				FC75A91D00705BA67E7F6ECB /* Pods-Demo-RxRealmDataSources_tvOSExample.debug.xcconfig */,
				E7C7AD974680CD46BCA7D8A4 /* Pods-Demo-RxRealmDataSources_tvOSExample.release.xcconfig */,
			);
			name = Pods;
			sourceTree = "<group>";
		};
		607FACC71AFB9204008FA782 = {
			isa = PBXGroup;
			children = (
				607FACF51AFB993E008FA782 /* Podspec Metadata */,
				9C5B02C91E1678320009FBDE /* Cross Platform Classes */,
				607FACD21AFB9204008FA782 /* iOS Example */,
				A2DFC4A5204F54CF0011234D /* tvOS Example */,
				9C5B02D01E1678C80009FBDE /* macOS Example */,
				607FACD11AFB9204008FA782 /* Products */,
				407FD42C9C6C16E35C51A075 /* Pods */,
				6A7EDFF36A64F37734B09CDF /* Frameworks */,
			);
			sourceTree = "<group>";
		};
		607FACD11AFB9204008FA782 /* Products */ = {
			isa = PBXGroup;
			children = (
				607FACD01AFB9204008FA782 /* RxRealmDataSources_Example.app */,
				9C5B02CF1E1678C80009FBDE /* RxRealmDataSources_MacExample.app */,
				A2DFC4A4204F54CF0011234D /* RxRealmDataSources_tvOSExample.app */,
			);
			name = Products;
			sourceTree = "<group>";
		};
		607FACD21AFB9204008FA782 /* iOS Example */ = {
			isa = PBXGroup;
			children = (
				607FACD51AFB9204008FA782 /* AppDelegate.swift */,
				9C5B02CA1E1678530009FBDE /* View Controllers */,
				9C530D091DFDDDEC0096144C /* Assets */,
			);
			name = "iOS Example";
			path = RxRealmDataSources;
			sourceTree = "<group>";
		};
		607FACD31AFB9204008FA782 /* Supporting Files */ = {
			isa = PBXGroup;
			children = (
				607FACD41AFB9204008FA782 /* Info.plist */,
			);
			name = "Supporting Files";
			sourceTree = "<group>";
		};
		607FACF51AFB993E008FA782 /* Podspec Metadata */ = {
			isa = PBXGroup;
			children = (
				2234A7252CB12801B9D5CC59 /* RxRealmDataSources.podspec */,
				389E1B2B7B345E4DD32A154F /* README.md */,
				F047F94251BA9258A7A94AEE /* LICENSE */,
			);
			name = "Podspec Metadata";
			sourceTree = "<group>";
		};
		6A7EDFF36A64F37734B09CDF /* Frameworks */ = {
			isa = PBXGroup;
			children = (
				A984ED2264CDA0E74AD2119F /* Pods_Demo_RxRealmDataSources_Example.framework */,
				1E7B9053C749B708247231C9 /* Pods_Demo_RxRealmDataSources_MacExample.framework */,
				ED3EE956E56967135C6965AA /* Pods_Demo_RxRealmDataSources_tvOSExample.framework */,
			);
			name = Frameworks;
			sourceTree = "<group>";
		};
		9C530D091DFDDDEC0096144C /* Assets */ = {
			isa = PBXGroup;
			children = (
				607FACD91AFB9204008FA782 /* Main.storyboard */,
				607FACDC1AFB9204008FA782 /* Images.xcassets */,
				607FACDE1AFB9204008FA782 /* LaunchScreen.xib */,
				607FACD31AFB9204008FA782 /* Supporting Files */,
			);
			name = Assets;
			sourceTree = "<group>";
		};
		9C5B02C91E1678320009FBDE /* Cross Platform Classes */ = {
			isa = PBXGroup;
			children = (
				9C530D071DFDD7340096144C /* DataRandomizer.swift */,
				9CA89C601DFDF0E4008ADCD2 /* Data Entities */,
			);
			name = "Cross Platform Classes";
			sourceTree = "<group>";
		};
		9C5B02CA1E1678530009FBDE /* View Controllers */ = {
			isa = PBXGroup;
			children = (
				9CA89C5F1DFDF0CE008ADCD2 /* 1. Table View Data Source */,
				9CA89C611DFDF0F1008ADCD2 /* 2. Collection View Data Source */,
			);
			name = "View Controllers";
			sourceTree = "<group>";
		};
		9C5B02D01E1678C80009FBDE /* macOS Example */ = {
			isa = PBXGroup;
			children = (
				9C5B02D11E1678C80009FBDE /* AppDelegate.swift */,
				9C5B02DE1E1678E70009FBDE /* Assets */,
				9C5B02DF1E1678EF0009FBDE /* View Controllers */,
			);
			name = "macOS Example";
			path = RxRealmDataSources_MacExample;
			sourceTree = "<group>";
		};
		9C5B02DE1E1678E70009FBDE /* Assets */ = {
			isa = PBXGroup;
			children = (
				9C5B02D51E1678C80009FBDE /* Assets.xcassets */,
				9C5B02D71E1678C80009FBDE /* Main.storyboard */,
				9C5B02DA1E1678C80009FBDE /* Info.plist */,
			);
			name = Assets;
			sourceTree = "<group>";
		};
		9C5B02DF1E1678EF0009FBDE /* View Controllers */ = {
			isa = PBXGroup;
			children = (
				9C5B02E11E167A3D0009FBDE /* MenuViewController.swift */,
				9C5B02E01E16791C0009FBDE /* 1. Table View Data Source */,
				9C5B02EB1E16C4D40009FBDE /* 2. Collection View Data Source */,
			);
			name = "View Controllers";
			sourceTree = "<group>";
		};
		9C5B02E01E16791C0009FBDE /* 1. Table View Data Source */ = {
			isa = PBXGroup;
			children = (
				9C5B02E41E16AABA0009FBDE /* TableViewController.swift */,
			);
			name = "1. Table View Data Source";
			sourceTree = "<group>";
		};
		9C5B02EB1E16C4D40009FBDE /* 2. Collection View Data Source */ = {
			isa = PBXGroup;
			children = (
				9C5B02EC1E16C50F0009FBDE /* CollectionViewController.swift */,
				9C5B02F01E16C8270009FBDE /* CollectionItem.swift */,
				9C5B02F11E16C8270009FBDE /* CollectionItem.xib */,
			);
			name = "2. Collection View Data Source";
			sourceTree = "<group>";
		};
		9CA89C5F1DFDF0CE008ADCD2 /* 1. Table View Data Source */ = {
			isa = PBXGroup;
			children = (
				607FACD71AFB9204008FA782 /* ViewController.swift */,
				9CA37C461DF853E500C1DF6C /* PersonCell.swift */,
			);
			name = "1. Table View Data Source";
			sourceTree = "<group>";
		};
		9CA89C601DFDF0E4008ADCD2 /* Data Entities */ = {
			isa = PBXGroup;
			children = (
				9CB0B5741DF9E9E800F947D0 /* Lap.swift */,
				9CB0B5761DF9EA0F00F947D0 /* Timer.swift */,
			);
			name = "Data Entities";
			path = RxRealmDataSources;
			sourceTree = "<group>";
		};
		9CA89C611DFDF0F1008ADCD2 /* 2. Collection View Data Source */ = {
			isa = PBXGroup;
			children = (
				9CA89C621DFDF129008ADCD2 /* LapCollectionCell.swift */,
				9CA89C641DFDF1A4008ADCD2 /* CollectionViewController.swift */,
			);
			name = "2. Collection View Data Source";
			sourceTree = "<group>";
		};
		A2D918D3204F55AB00F41745 /* View Controllers */ = {
			isa = PBXGroup;
			children = (
				A2D918D6204F565200F41745 /* 1. Table View Data Source */,
				A2D918D7204F565D00F41745 /* 2. Collection View Data Source */,
			);
			path = "View Controllers";
			sourceTree = "<group>";
		};
		A2D918D4204F55BF00F41745 /* Assets */ = {
			isa = PBXGroup;
			children = (
				A2DFC4AA204F54CF0011234D /* Main.storyboard */,
				A2DFC4AD204F54CF0011234D /* Assets.xcassets */,
				A2D918D5204F55D400F41745 /* Supporting Files */,
			);
			path = Assets;
			sourceTree = "<group>";
		};
		A2D918D5204F55D400F41745 /* Supporting Files */ = {
			isa = PBXGroup;
			children = (
				A2243191204F5DDF00E916A4 /* Info.plist */,
			);
			path = "Supporting Files";
			sourceTree = "<group>";
		};
		A2D918D6204F565200F41745 /* 1. Table View Data Source */ = {
			isa = PBXGroup;
			children = (
				A2D918D8204F594E00F41745 /* TableViewController.swift */,
				A2D918DB204F5A2100F41745 /* PersonCell.swift */,
			);
			path = "1. Table View Data Source";
			sourceTree = "<group>";
		};
		A2D918D7204F565D00F41745 /* 2. Collection View Data Source */ = {
			isa = PBXGroup;
			children = (
				A2243195204F5F2C00E916A4 /* CollectionViewController.swift */,
				A2243193204F5F0200E916A4 /* LapCollectionCell.swift */,
			);
			path = "2. Collection View Data Source";
			sourceTree = "<group>";
		};
		A2DFC4A5204F54CF0011234D /* tvOS Example */ = {
			isa = PBXGroup;
			children = (
				A2DFC4A6204F54CF0011234D /* AppDelegate.swift */,
				A2D918D3204F55AB00F41745 /* View Controllers */,
				A2D918D4204F55BF00F41745 /* Assets */,
			);
			name = "tvOS Example";
			path = RxRealmDataSources_tvOSExample;
			sourceTree = "<group>";
		};
/* End PBXGroup section */

/* Begin PBXNativeTarget section */
		607FACCF1AFB9204008FA782 /* RxRealmDataSources_Example */ = {
			isa = PBXNativeTarget;
			buildConfigurationList = 607FACEF1AFB9204008FA782 /* Build configuration list for PBXNativeTarget "RxRealmDataSources_Example" */;
			buildPhases = (
				8CB167ADCD284A8C465836B3 /* [CP] Check Pods Manifest.lock */,
				607FACCC1AFB9204008FA782 /* Sources */,
				607FACCD1AFB9204008FA782 /* Frameworks */,
				607FACCE1AFB9204008FA782 /* Resources */,
				C4B64053F2AC48B1C7C8F0E3 /* [CP] Embed Pods Frameworks */,
				5F2BA12079B7E04118B424D8 /* [CP] Copy Pods Resources */,
			);
			buildRules = (
			);
			dependencies = (
			);
			name = RxRealmDataSources_Example;
			productName = RxRealmDataSources;
			productReference = 607FACD01AFB9204008FA782 /* RxRealmDataSources_Example.app */;
			productType = "com.apple.product-type.application";
		};
		9C5B02CE1E1678C80009FBDE /* RxRealmDataSources_MacExample */ = {
			isa = PBXNativeTarget;
			buildConfigurationList = 9C5B02DB1E1678C80009FBDE /* Build configuration list for PBXNativeTarget "RxRealmDataSources_MacExample" */;
			buildPhases = (
				A3F1636F3B3EBDFFED60481F /* [CP] Check Pods Manifest.lock */,
				9C5B02CB1E1678C80009FBDE /* Sources */,
				9C5B02CC1E1678C80009FBDE /* Frameworks */,
				9C5B02CD1E1678C80009FBDE /* Resources */,
				99825DDE37D8682C02F888B4 /* [CP] Embed Pods Frameworks */,
				B3D08966DFA63FE504FFFEBB /* [CP] Copy Pods Resources */,
			);
			buildRules = (
			);
			dependencies = (
			);
			name = RxRealmDataSources_MacExample;
			productName = RxRealmDataSources_MacExample;
			productReference = 9C5B02CF1E1678C80009FBDE /* RxRealmDataSources_MacExample.app */;
			productType = "com.apple.product-type.application";
		};
		A2DFC4A3204F54CF0011234D /* RxRealmDataSources_tvOSExample */ = {
			isa = PBXNativeTarget;
			buildConfigurationList = A2DFC4B0204F54CF0011234D /* Build configuration list for PBXNativeTarget "RxRealmDataSources_tvOSExample" */;
			buildPhases = (
				801945A17CEF00C2887D4E83 /* [CP] Check Pods Manifest.lock */,
				A2DFC4A0204F54CF0011234D /* Sources */,
				A2DFC4A1204F54CF0011234D /* Frameworks */,
				A2DFC4A2204F54CF0011234D /* Resources */,
				A6EA1EA21A87C21E1D50F2C6 /* [CP] Embed Pods Frameworks */,
				6C1B07E3E233C3355CD9B39C /* [CP] Copy Pods Resources */,
			);
			buildRules = (
			);
			dependencies = (
			);
			name = RxRealmDataSources_tvOSExample;
			productName = RxRealmDataSources_tvOSExample;
			productReference = A2DFC4A4204F54CF0011234D /* RxRealmDataSources_tvOSExample.app */;
			productType = "com.apple.product-type.application";
		};
/* End PBXNativeTarget section */

/* Begin PBXProject section */
		607FACC81AFB9204008FA782 /* Project object */ = {
			isa = PBXProject;
			attributes = {
				LastSwiftUpdateCheck = 0920;
				LastUpgradeCheck = 0900;
				ORGANIZATIONNAME = CocoaPods;
				TargetAttributes = {
					607FACCF1AFB9204008FA782 = {
						CreatedOnToolsVersion = 6.3.1;
						DevelopmentTeam = 9MF8G8D9Y5;
						LastSwiftMigration = 0900;
					};
					9C5B02CE1E1678C80009FBDE = {
						CreatedOnToolsVersion = 8.1;
						DevelopmentTeam = 9MF8G8D9Y5;
						ProvisioningStyle = Automatic;
					};
					A2DFC4A3204F54CF0011234D = {
						CreatedOnToolsVersion = 9.2;
						DevelopmentTeam = VUA6EB462A;
						ProvisioningStyle = Automatic;
					};
				};
			};
			buildConfigurationList = 607FACCB1AFB9204008FA782 /* Build configuration list for PBXProject "RxRealmDataSources" */;
			compatibilityVersion = "Xcode 3.2";
			developmentRegion = English;
			hasScannedForEncodings = 0;
			knownRegions = (
				en,
				Base,
			);
			mainGroup = 607FACC71AFB9204008FA782;
			productRefGroup = 607FACD11AFB9204008FA782 /* Products */;
			projectDirPath = "";
			projectRoot = "";
			targets = (
				607FACCF1AFB9204008FA782 /* RxRealmDataSources_Example */,
				9C5B02CE1E1678C80009FBDE /* RxRealmDataSources_MacExample */,
				A2DFC4A3204F54CF0011234D /* RxRealmDataSources_tvOSExample */,
			);
		};
/* End PBXProject section */

/* Begin PBXResourcesBuildPhase section */
		607FACCE1AFB9204008FA782 /* Resources */ = {
			isa = PBXResourcesBuildPhase;
			buildActionMask = 2147483647;
			files = (
				607FACDB1AFB9204008FA782 /* Main.storyboard in Resources */,
				607FACE01AFB9204008FA782 /* LaunchScreen.xib in Resources */,
				607FACDD1AFB9204008FA782 /* Images.xcassets in Resources */,
			);
			runOnlyForDeploymentPostprocessing = 0;
		};
		9C5B02CD1E1678C80009FBDE /* Resources */ = {
			isa = PBXResourcesBuildPhase;
			buildActionMask = 2147483647;
			files = (
				9C5B02D61E1678C80009FBDE /* Assets.xcassets in Resources */,
				9C5B02D91E1678C80009FBDE /* Main.storyboard in Resources */,
				9C5B02F31E16C8270009FBDE /* CollectionItem.xib in Resources */,
			);
			runOnlyForDeploymentPostprocessing = 0;
		};
		A2DFC4A2204F54CF0011234D /* Resources */ = {
			isa = PBXResourcesBuildPhase;
			buildActionMask = 2147483647;
			files = (
				A2DFC4AE204F54CF0011234D /* Assets.xcassets in Resources */,
				A2DFC4AC204F54CF0011234D /* Main.storyboard in Resources */,
			);
			runOnlyForDeploymentPostprocessing = 0;
		};
/* End PBXResourcesBuildPhase section */

/* Begin PBXShellScriptBuildPhase section */
		5F2BA12079B7E04118B424D8 /* [CP] Copy Pods Resources */ = {
			isa = PBXShellScriptBuildPhase;
			buildActionMask = 2147483647;
			files = (
			);
			inputPaths = (
			);
			name = "[CP] Copy Pods Resources";
			outputPaths = (
			);
			runOnlyForDeploymentPostprocessing = 0;
			shellPath = /bin/sh;
			shellScript = "\"${SRCROOT}/Pods/Target Support Files/Pods-Demo-RxRealmDataSources_Example/Pods-Demo-RxRealmDataSources_Example-resources.sh\"\n";
			showEnvVarsInLog = 0;
		};
		6C1B07E3E233C3355CD9B39C /* [CP] Copy Pods Resources */ = {
			isa = PBXShellScriptBuildPhase;
			buildActionMask = 2147483647;
			files = (
			);
			inputPaths = (
			);
			name = "[CP] Copy Pods Resources";
			outputPaths = (
			);
			runOnlyForDeploymentPostprocessing = 0;
			shellPath = /bin/sh;
			shellScript = "\"${SRCROOT}/Pods/Target Support Files/Pods-Demo-RxRealmDataSources_tvOSExample/Pods-Demo-RxRealmDataSources_tvOSExample-resources.sh\"\n";
			showEnvVarsInLog = 0;
		};
		801945A17CEF00C2887D4E83 /* [CP] Check Pods Manifest.lock */ = {
			isa = PBXShellScriptBuildPhase;
			buildActionMask = 2147483647;
			files = (
			);
			inputPaths = (
				"${PODS_PODFILE_DIR_PATH}/Podfile.lock",
				"${PODS_ROOT}/Manifest.lock",
			);
			name = "[CP] Check Pods Manifest.lock";
			outputPaths = (
				"$(DERIVED_FILE_DIR)/Pods-Demo-RxRealmDataSources_tvOSExample-checkManifestLockResult.txt",
			);
			runOnlyForDeploymentPostprocessing = 0;
			shellPath = /bin/sh;
			shellScript = "diff \"${PODS_PODFILE_DIR_PATH}/Podfile.lock\" \"${PODS_ROOT}/Manifest.lock\" > /dev/null\nif [ $? != 0 ] ; then\n    # print error to STDERR\n    echo \"error: The sandbox is not in sync with the Podfile.lock. Run 'pod install' or update your CocoaPods installation.\" >&2\n    exit 1\nfi\n# This output is used by Xcode 'outputs' to avoid re-running this script phase.\necho \"SUCCESS\" > \"${SCRIPT_OUTPUT_FILE_0}\"\n";
			showEnvVarsInLog = 0;
		};
		8CB167ADCD284A8C465836B3 /* [CP] Check Pods Manifest.lock */ = {
			isa = PBXShellScriptBuildPhase;
			buildActionMask = 2147483647;
			files = (
			);
			inputPaths = (
				"${PODS_PODFILE_DIR_PATH}/Podfile.lock",
				"${PODS_ROOT}/Manifest.lock",
			);
			name = "[CP] Check Pods Manifest.lock";
			outputPaths = (
				"$(DERIVED_FILE_DIR)/Pods-Demo-RxRealmDataSources_Example-checkManifestLockResult.txt",
			);
			runOnlyForDeploymentPostprocessing = 0;
			shellPath = /bin/sh;
			shellScript = "diff \"${PODS_PODFILE_DIR_PATH}/Podfile.lock\" \"${PODS_ROOT}/Manifest.lock\" > /dev/null\nif [ $? != 0 ] ; then\n    # print error to STDERR\n    echo \"error: The sandbox is not in sync with the Podfile.lock. Run 'pod install' or update your CocoaPods installation.\" >&2\n    exit 1\nfi\n# This output is used by Xcode 'outputs' to avoid re-running this script phase.\necho \"SUCCESS\" > \"${SCRIPT_OUTPUT_FILE_0}\"\n";
			showEnvVarsInLog = 0;
		};
		99825DDE37D8682C02F888B4 /* [CP] Embed Pods Frameworks */ = {
			isa = PBXShellScriptBuildPhase;
			buildActionMask = 2147483647;
			files = (
			);
			inputPaths = (
				"${SRCROOT}/Pods/Target Support Files/Pods-Demo-RxRealmDataSources_MacExample/Pods-Demo-RxRealmDataSources_MacExample-frameworks.sh",
				"${BUILT_PRODUCTS_DIR}/Realm-macOS/Realm.framework",
				"${BUILT_PRODUCTS_DIR}/RealmSwift-macOS/RealmSwift.framework",
				"${BUILT_PRODUCTS_DIR}/RxCocoa-macOS/RxCocoa.framework",
				"${BUILT_PRODUCTS_DIR}/RxRealm-macOS/RxRealm.framework",
				"${BUILT_PRODUCTS_DIR}/RxRealmDataSources-macOS/RxRealmDataSources.framework",
				"${BUILT_PRODUCTS_DIR}/RxSwift-macOS/RxSwift.framework",
			);
			name = "[CP] Embed Pods Frameworks";
			outputPaths = (
				"${TARGET_BUILD_DIR}/${FRAMEWORKS_FOLDER_PATH}/Realm.framework",
				"${TARGET_BUILD_DIR}/${FRAMEWORKS_FOLDER_PATH}/RealmSwift.framework",
				"${TARGET_BUILD_DIR}/${FRAMEWORKS_FOLDER_PATH}/RxCocoa.framework",
				"${TARGET_BUILD_DIR}/${FRAMEWORKS_FOLDER_PATH}/RxRealm.framework",
				"${TARGET_BUILD_DIR}/${FRAMEWORKS_FOLDER_PATH}/RxRealmDataSources.framework",
				"${TARGET_BUILD_DIR}/${FRAMEWORKS_FOLDER_PATH}/RxSwift.framework",
			);
			runOnlyForDeploymentPostprocessing = 0;
			shellPath = /bin/sh;
			shellScript = "\"${SRCROOT}/Pods/Target Support Files/Pods-Demo-RxRealmDataSources_MacExample/Pods-Demo-RxRealmDataSources_MacExample-frameworks.sh\"\n";
			showEnvVarsInLog = 0;
		};
		A3F1636F3B3EBDFFED60481F /* [CP] Check Pods Manifest.lock */ = {
			isa = PBXShellScriptBuildPhase;
			buildActionMask = 2147483647;
			files = (
			);
			inputPaths = (
				"${PODS_PODFILE_DIR_PATH}/Podfile.lock",
				"${PODS_ROOT}/Manifest.lock",
			);
			name = "[CP] Check Pods Manifest.lock";
			outputPaths = (
				"$(DERIVED_FILE_DIR)/Pods-Demo-RxRealmDataSources_MacExample-checkManifestLockResult.txt",
			);
			runOnlyForDeploymentPostprocessing = 0;
			shellPath = /bin/sh;
			shellScript = "diff \"${PODS_PODFILE_DIR_PATH}/Podfile.lock\" \"${PODS_ROOT}/Manifest.lock\" > /dev/null\nif [ $? != 0 ] ; then\n    # print error to STDERR\n    echo \"error: The sandbox is not in sync with the Podfile.lock. Run 'pod install' or update your CocoaPods installation.\" >&2\n    exit 1\nfi\n# This output is used by Xcode 'outputs' to avoid re-running this script phase.\necho \"SUCCESS\" > \"${SCRIPT_OUTPUT_FILE_0}\"\n";
			showEnvVarsInLog = 0;
		};
		A6EA1EA21A87C21E1D50F2C6 /* [CP] Embed Pods Frameworks */ = {
			isa = PBXShellScriptBuildPhase;
			buildActionMask = 2147483647;
			files = (
			);
			inputPaths = (
				"${SRCROOT}/Pods/Target Support Files/Pods-Demo-RxRealmDataSources_tvOSExample/Pods-Demo-RxRealmDataSources_tvOSExample-frameworks.sh",
				"${BUILT_PRODUCTS_DIR}/Realm-tvOS/Realm.framework",
				"${BUILT_PRODUCTS_DIR}/RealmSwift-tvOS/RealmSwift.framework",
				"${BUILT_PRODUCTS_DIR}/RxCocoa-tvOS/RxCocoa.framework",
				"${BUILT_PRODUCTS_DIR}/RxRealm-tvOS/RxRealm.framework",
				"${BUILT_PRODUCTS_DIR}/RxRealmDataSources-tvOS/RxRealmDataSources.framework",
				"${BUILT_PRODUCTS_DIR}/RxSwift-tvOS/RxSwift.framework",
			);
			name = "[CP] Embed Pods Frameworks";
			outputPaths = (
				"${TARGET_BUILD_DIR}/${FRAMEWORKS_FOLDER_PATH}/Realm.framework",
				"${TARGET_BUILD_DIR}/${FRAMEWORKS_FOLDER_PATH}/RealmSwift.framework",
				"${TARGET_BUILD_DIR}/${FRAMEWORKS_FOLDER_PATH}/RxCocoa.framework",
				"${TARGET_BUILD_DIR}/${FRAMEWORKS_FOLDER_PATH}/RxRealm.framework",
				"${TARGET_BUILD_DIR}/${FRAMEWORKS_FOLDER_PATH}/RxRealmDataSources.framework",
				"${TARGET_BUILD_DIR}/${FRAMEWORKS_FOLDER_PATH}/RxSwift.framework",
			);
			runOnlyForDeploymentPostprocessing = 0;
			shellPath = /bin/sh;
			shellScript = "\"${SRCROOT}/Pods/Target Support Files/Pods-Demo-RxRealmDataSources_tvOSExample/Pods-Demo-RxRealmDataSources_tvOSExample-frameworks.sh\"\n";
			showEnvVarsInLog = 0;
		};
		B3D08966DFA63FE504FFFEBB /* [CP] Copy Pods Resources */ = {
			isa = PBXShellScriptBuildPhase;
			buildActionMask = 2147483647;
			files = (
			);
			inputPaths = (
			);
			name = "[CP] Copy Pods Resources";
			outputPaths = (
			);
			runOnlyForDeploymentPostprocessing = 0;
			shellPath = /bin/sh;
			shellScript = "\"${SRCROOT}/Pods/Target Support Files/Pods-Demo-RxRealmDataSources_MacExample/Pods-Demo-RxRealmDataSources_MacExample-resources.sh\"\n";
			showEnvVarsInLog = 0;
		};
		C4B64053F2AC48B1C7C8F0E3 /* [CP] Embed Pods Frameworks */ = {
			isa = PBXShellScriptBuildPhase;
			buildActionMask = 2147483647;
			files = (
			);
			inputPaths = (
				"${SRCROOT}/Pods/Target Support Files/Pods-Demo-RxRealmDataSources_Example/Pods-Demo-RxRealmDataSources_Example-frameworks.sh",
				"${BUILT_PRODUCTS_DIR}/Realm-iOS/Realm.framework",
				"${BUILT_PRODUCTS_DIR}/RealmSwift-iOS/RealmSwift.framework",
				"${BUILT_PRODUCTS_DIR}/RxCocoa-iOS/RxCocoa.framework",
				"${BUILT_PRODUCTS_DIR}/RxRealm-iOS/RxRealm.framework",
				"${BUILT_PRODUCTS_DIR}/RxRealmDataSources-iOS/RxRealmDataSources.framework",
				"${BUILT_PRODUCTS_DIR}/RxSwift-iOS/RxSwift.framework",
			);
			name = "[CP] Embed Pods Frameworks";
			outputPaths = (
				"${TARGET_BUILD_DIR}/${FRAMEWORKS_FOLDER_PATH}/Realm.framework",
				"${TARGET_BUILD_DIR}/${FRAMEWORKS_FOLDER_PATH}/RealmSwift.framework",
				"${TARGET_BUILD_DIR}/${FRAMEWORKS_FOLDER_PATH}/RxCocoa.framework",
				"${TARGET_BUILD_DIR}/${FRAMEWORKS_FOLDER_PATH}/RxRealm.framework",
				"${TARGET_BUILD_DIR}/${FRAMEWORKS_FOLDER_PATH}/RxRealmDataSources.framework",
				"${TARGET_BUILD_DIR}/${FRAMEWORKS_FOLDER_PATH}/RxSwift.framework",
			);
			runOnlyForDeploymentPostprocessing = 0;
			shellPath = /bin/sh;
			shellScript = "\"${SRCROOT}/Pods/Target Support Files/Pods-Demo-RxRealmDataSources_Example/Pods-Demo-RxRealmDataSources_Example-frameworks.sh\"\n";
			showEnvVarsInLog = 0;
		};
/* End PBXShellScriptBuildPhase section */

/* Begin PBXSourcesBuildPhase section */
		607FACCC1AFB9204008FA782 /* Sources */ = {
			isa = PBXSourcesBuildPhase;
			buildActionMask = 2147483647;
			files = (
				9CA89C631DFDF129008ADCD2 /* LapCollectionCell.swift in Sources */,
				9C530D081DFDD7340096144C /* DataRandomizer.swift in Sources */,
				9CA37C471DF853E500C1DF6C /* PersonCell.swift in Sources */,
				9CB0B5751DF9E9E800F947D0 /* Lap.swift in Sources */,
				9CA89C651DFDF1A4008ADCD2 /* CollectionViewController.swift in Sources */,
				607FACD81AFB9204008FA782 /* ViewController.swift in Sources */,
				9CB0B5771DF9EA0F00F947D0 /* Timer.swift in Sources */,
				607FACD61AFB9204008FA782 /* AppDelegate.swift in Sources */,
			);
			runOnlyForDeploymentPostprocessing = 0;
		};
		9C5B02CB1E1678C80009FBDE /* Sources */ = {
			isa = PBXSourcesBuildPhase;
			buildActionMask = 2147483647;
			files = (
				9C5B02E81E16AB080009FBDE /* DataRandomizer.swift in Sources */,
				9C5B02EA1E16AB0C0009FBDE /* Timer.swift in Sources */,
				9C5B02F21E16C8270009FBDE /* CollectionItem.swift in Sources */,
				9C5B02ED1E16C50F0009FBDE /* CollectionViewController.swift in Sources */,
				9C5B02E21E167A3D0009FBDE /* MenuViewController.swift in Sources */,
				9C5B02E91E16AB0C0009FBDE /* Lap.swift in Sources */,
				9C5B02D21E1678C80009FBDE /* AppDelegate.swift in Sources */,
				9C5B02E61E16AABA0009FBDE /* TableViewController.swift in Sources */,
			);
			runOnlyForDeploymentPostprocessing = 0;
		};
		A2DFC4A0204F54CF0011234D /* Sources */ = {
			isa = PBXSourcesBuildPhase;
			buildActionMask = 2147483647;
			files = (
				A224318E204F5D8300E916A4 /* DataRandomizer.swift in Sources */,
				A2DFC4A7204F54CF0011234D /* AppDelegate.swift in Sources */,
				A2D918DA204F59E800F41745 /* TableViewController.swift in Sources */,
				A2243194204F5F0200E916A4 /* LapCollectionCell.swift in Sources */,
				A2243196204F5F2C00E916A4 /* CollectionViewController.swift in Sources */,
				A2243190204F5D8800E916A4 /* Timer.swift in Sources */,
				A224318F204F5D8600E916A4 /* Lap.swift in Sources */,
				A2D918DD204F5A2800F41745 /* PersonCell.swift in Sources */,
			);
			runOnlyForDeploymentPostprocessing = 0;
		};
/* End PBXSourcesBuildPhase section */

/* Begin PBXVariantGroup section */
		607FACD91AFB9204008FA782 /* Main.storyboard */ = {
			isa = PBXVariantGroup;
			children = (
				607FACDA1AFB9204008FA782 /* Base */,
			);
			name = Main.storyboard;
			sourceTree = "<group>";
		};
		607FACDE1AFB9204008FA782 /* LaunchScreen.xib */ = {
			isa = PBXVariantGroup;
			children = (
				607FACDF1AFB9204008FA782 /* Base */,
			);
			name = LaunchScreen.xib;
			sourceTree = "<group>";
		};
		9C5B02D71E1678C80009FBDE /* Main.storyboard */ = {
			isa = PBXVariantGroup;
			children = (
				9C5B02D81E1678C80009FBDE /* Base */,
			);
			name = Main.storyboard;
			sourceTree = "<group>";
		};
		A2DFC4AA204F54CF0011234D /* Main.storyboard */ = {
			isa = PBXVariantGroup;
			children = (
				A2DFC4AB204F54CF0011234D /* Base */,
			);
			name = Main.storyboard;
			sourceTree = "<group>";
		};
/* End PBXVariantGroup section */

/* Begin XCBuildConfiguration section */
		607FACED1AFB9204008FA782 /* Debug */ = {
			isa = XCBuildConfiguration;
			buildSettings = {
				ALWAYS_SEARCH_USER_PATHS = NO;
				CLANG_CXX_LANGUAGE_STANDARD = "gnu++0x";
				CLANG_CXX_LIBRARY = "libc++";
				CLANG_ENABLE_MODULES = YES;
				CLANG_ENABLE_OBJC_ARC = YES;
				CLANG_WARN_BLOCK_CAPTURE_AUTORELEASING = YES;
				CLANG_WARN_BOOL_CONVERSION = YES;
				CLANG_WARN_COMMA = YES;
				CLANG_WARN_CONSTANT_CONVERSION = YES;
				CLANG_WARN_DIRECT_OBJC_ISA_USAGE = YES_ERROR;
				CLANG_WARN_EMPTY_BODY = YES;
				CLANG_WARN_ENUM_CONVERSION = YES;
				CLANG_WARN_INFINITE_RECURSION = YES;
				CLANG_WARN_INT_CONVERSION = YES;
				CLANG_WARN_NON_LITERAL_NULL_CONVERSION = YES;
				CLANG_WARN_OBJC_LITERAL_CONVERSION = YES;
				CLANG_WARN_OBJC_ROOT_CLASS = YES_ERROR;
				CLANG_WARN_RANGE_LOOP_ANALYSIS = YES;
				CLANG_WARN_STRICT_PROTOTYPES = YES;
				CLANG_WARN_SUSPICIOUS_MOVE = YES;
				CLANG_WARN_UNREACHABLE_CODE = YES;
				CLANG_WARN__DUPLICATE_METHOD_MATCH = YES;
				"CODE_SIGN_IDENTITY[sdk=iphoneos*]" = "iPhone Developer";
				COPY_PHASE_STRIP = NO;
				DEBUG_INFORMATION_FORMAT = "dwarf-with-dsym";
				ENABLE_STRICT_OBJC_MSGSEND = YES;
				ENABLE_TESTABILITY = YES;
				GCC_C_LANGUAGE_STANDARD = gnu99;
				GCC_DYNAMIC_NO_PIC = NO;
				GCC_NO_COMMON_BLOCKS = YES;
				GCC_OPTIMIZATION_LEVEL = 0;
				GCC_PREPROCESSOR_DEFINITIONS = (
					"DEBUG=1",
					"$(inherited)",
				);
				GCC_SYMBOLS_PRIVATE_EXTERN = NO;
				GCC_WARN_64_TO_32_BIT_CONVERSION = YES;
				GCC_WARN_ABOUT_RETURN_TYPE = YES_ERROR;
				GCC_WARN_UNDECLARED_SELECTOR = YES;
				GCC_WARN_UNINITIALIZED_AUTOS = YES_AGGRESSIVE;
				GCC_WARN_UNUSED_FUNCTION = YES;
				GCC_WARN_UNUSED_VARIABLE = YES;
				IPHONEOS_DEPLOYMENT_TARGET = 8.3;
				MTL_ENABLE_DEBUG_INFO = YES;
				ONLY_ACTIVE_ARCH = YES;
				SDKROOT = iphoneos;
				SWIFT_OPTIMIZATION_LEVEL = "-Onone";
			};
			name = Debug;
		};
		607FACEE1AFB9204008FA782 /* Release */ = {
			isa = XCBuildConfiguration;
			buildSettings = {
				ALWAYS_SEARCH_USER_PATHS = NO;
				CLANG_CXX_LANGUAGE_STANDARD = "gnu++0x";
				CLANG_CXX_LIBRARY = "libc++";
				CLANG_ENABLE_MODULES = YES;
				CLANG_ENABLE_OBJC_ARC = YES;
				CLANG_WARN_BLOCK_CAPTURE_AUTORELEASING = YES;
				CLANG_WARN_BOOL_CONVERSION = YES;
				CLANG_WARN_COMMA = YES;
				CLANG_WARN_CONSTANT_CONVERSION = YES;
				CLANG_WARN_DIRECT_OBJC_ISA_USAGE = YES_ERROR;
				CLANG_WARN_EMPTY_BODY = YES;
				CLANG_WARN_ENUM_CONVERSION = YES;
				CLANG_WARN_INFINITE_RECURSION = YES;
				CLANG_WARN_INT_CONVERSION = YES;
				CLANG_WARN_NON_LITERAL_NULL_CONVERSION = YES;
				CLANG_WARN_OBJC_LITERAL_CONVERSION = YES;
				CLANG_WARN_OBJC_ROOT_CLASS = YES_ERROR;
				CLANG_WARN_RANGE_LOOP_ANALYSIS = YES;
				CLANG_WARN_STRICT_PROTOTYPES = YES;
				CLANG_WARN_SUSPICIOUS_MOVE = YES;
				CLANG_WARN_UNREACHABLE_CODE = YES;
				CLANG_WARN__DUPLICATE_METHOD_MATCH = YES;
				"CODE_SIGN_IDENTITY[sdk=iphoneos*]" = "iPhone Developer";
				COPY_PHASE_STRIP = NO;
				DEBUG_INFORMATION_FORMAT = "dwarf-with-dsym";
				ENABLE_NS_ASSERTIONS = NO;
				ENABLE_STRICT_OBJC_MSGSEND = YES;
				GCC_C_LANGUAGE_STANDARD = gnu99;
				GCC_NO_COMMON_BLOCKS = YES;
				GCC_WARN_64_TO_32_BIT_CONVERSION = YES;
				GCC_WARN_ABOUT_RETURN_TYPE = YES_ERROR;
				GCC_WARN_UNDECLARED_SELECTOR = YES;
				GCC_WARN_UNINITIALIZED_AUTOS = YES_AGGRESSIVE;
				GCC_WARN_UNUSED_FUNCTION = YES;
				GCC_WARN_UNUSED_VARIABLE = YES;
				IPHONEOS_DEPLOYMENT_TARGET = 8.3;
				MTL_ENABLE_DEBUG_INFO = NO;
				SDKROOT = iphoneos;
				SWIFT_OPTIMIZATION_LEVEL = "-Owholemodule";
				VALIDATE_PRODUCT = YES;
			};
			name = Release;
		};
		607FACF01AFB9204008FA782 /* Debug */ = {
			isa = XCBuildConfiguration;
			baseConfigurationReference = E3E8943D66A5DD44321746A0 /* Pods-Demo-RxRealmDataSources_Example.debug.xcconfig */;
			buildSettings = {
				ALWAYS_EMBED_SWIFT_STANDARD_LIBRARIES = YES;
				ASSETCATALOG_COMPILER_APPICON_NAME = AppIcon;
				DEVELOPMENT_TEAM = 9MF8G8D9Y5;
				INFOPLIST_FILE = RxRealmDataSources/Info.plist;
				IPHONEOS_DEPLOYMENT_TARGET = 9.0;
				LD_RUNPATH_SEARCH_PATHS = "$(inherited) @executable_path/Frameworks";
				MODULE_NAME = ExampleApp;
				PRODUCT_BUNDLE_IDENTIFIER = "org.cocoapods.demo.$(PRODUCT_NAME:rfc1034identifier)";
				PRODUCT_NAME = "$(TARGET_NAME)";
				SWIFT_SWIFT3_OBJC_INFERENCE = Default;
				SWIFT_VERSION = 4.0;
			};
			name = Debug;
		};
		607FACF11AFB9204008FA782 /* Release */ = {
			isa = XCBuildConfiguration;
			baseConfigurationReference = CEC07118486CED8E4E20CBE0 /* Pods-Demo-RxRealmDataSources_Example.release.xcconfig */;
			buildSettings = {
				ALWAYS_EMBED_SWIFT_STANDARD_LIBRARIES = YES;
				ASSETCATALOG_COMPILER_APPICON_NAME = AppIcon;
				DEVELOPMENT_TEAM = 9MF8G8D9Y5;
				INFOPLIST_FILE = RxRealmDataSources/Info.plist;
				IPHONEOS_DEPLOYMENT_TARGET = 9.0;
				LD_RUNPATH_SEARCH_PATHS = "$(inherited) @executable_path/Frameworks";
				MODULE_NAME = ExampleApp;
				PRODUCT_BUNDLE_IDENTIFIER = "org.cocoapods.demo.$(PRODUCT_NAME:rfc1034identifier)";
				PRODUCT_NAME = "$(TARGET_NAME)";
				SWIFT_SWIFT3_OBJC_INFERENCE = Default;
				SWIFT_VERSION = 4.0;
			};
			name = Release;
		};
		9C5B02DC1E1678C80009FBDE /* Debug */ = {
			isa = XCBuildConfiguration;
			baseConfigurationReference = A65CB15E78C33DDD05574CDB /* Pods-Demo-RxRealmDataSources_MacExample.debug.xcconfig */;
			buildSettings = {
				ALWAYS_EMBED_SWIFT_STANDARD_LIBRARIES = YES;
				ASSETCATALOG_COMPILER_APPICON_NAME = AppIcon;
				CLANG_ANALYZER_NONNULL = YES;
				CLANG_WARN_DOCUMENTATION_COMMENTS = YES;
				CLANG_WARN_SUSPICIOUS_MOVES = YES;
				CODE_SIGN_IDENTITY = "-";
				COMBINE_HIDPI_IMAGES = YES;
				DEBUG_INFORMATION_FORMAT = dwarf;
				DEVELOPMENT_TEAM = 9MF8G8D9Y5;
				INFOPLIST_FILE = RxRealmDataSources_MacExample/Info.plist;
				IPHONEOS_DEPLOYMENT_TARGET = 9.0;
				LD_RUNPATH_SEARCH_PATHS = "$(inherited) @executable_path/../Frameworks";
				MACOSX_DEPLOYMENT_TARGET = 10.12;
				PRODUCT_BUNDLE_IDENTIFIER = "com.underplot.RxRealmDataSources-MacExample";
				PRODUCT_NAME = "$(TARGET_NAME)";
				SDKROOT = macosx;
				SWIFT_ACTIVE_COMPILATION_CONDITIONS = DEBUG;
				SWIFT_VERSION = 4.0;
			};
			name = Debug;
		};
		9C5B02DD1E1678C80009FBDE /* Release */ = {
			isa = XCBuildConfiguration;
			baseConfigurationReference = 8B44F513AB5BF63A373727F3 /* Pods-Demo-RxRealmDataSources_MacExample.release.xcconfig */;
			buildSettings = {
				ALWAYS_EMBED_SWIFT_STANDARD_LIBRARIES = YES;
				ASSETCATALOG_COMPILER_APPICON_NAME = AppIcon;
				CLANG_ANALYZER_NONNULL = YES;
				CLANG_WARN_DOCUMENTATION_COMMENTS = YES;
				CLANG_WARN_SUSPICIOUS_MOVES = YES;
				CODE_SIGN_IDENTITY = "-";
				COMBINE_HIDPI_IMAGES = YES;
				DEVELOPMENT_TEAM = 9MF8G8D9Y5;
				INFOPLIST_FILE = RxRealmDataSources_MacExample/Info.plist;
				IPHONEOS_DEPLOYMENT_TARGET = 9.0;
				LD_RUNPATH_SEARCH_PATHS = "$(inherited) @executable_path/../Frameworks";
				MACOSX_DEPLOYMENT_TARGET = 10.12;
				PRODUCT_BUNDLE_IDENTIFIER = "com.underplot.RxRealmDataSources-MacExample";
				PRODUCT_NAME = "$(TARGET_NAME)";
				SDKROOT = macosx;
				SWIFT_VERSION = 4.0;
			};
			name = Release;
		};
		A2DFC4B1204F54CF0011234D /* Debug */ = {
			isa = XCBuildConfiguration;
			baseConfigurationReference = FC75A91D00705BA67E7F6ECB /* Pods-Demo-RxRealmDataSources_tvOSExample.debug.xcconfig */;
			buildSettings = {
				ASSETCATALOG_COMPILER_APPICON_NAME = "App Icon & Top Shelf Image";
				ASSETCATALOG_COMPILER_LAUNCHIMAGE_NAME = LaunchImage;
				CLANG_ANALYZER_NONNULL = YES;
				CLANG_ANALYZER_NUMBER_OBJECT_CONVERSION = YES_AGGRESSIVE;
				CLANG_CXX_LANGUAGE_STANDARD = "gnu++14";
				CLANG_WARN_DOCUMENTATION_COMMENTS = YES;
				CLANG_WARN_UNGUARDED_AVAILABILITY = YES_AGGRESSIVE;
				CODE_SIGN_STYLE = Automatic;
				DEBUG_INFORMATION_FORMAT = dwarf;
				DEVELOPMENT_TEAM = VUA6EB462A;
				GCC_C_LANGUAGE_STANDARD = gnu11;
				INFOPLIST_FILE = "$(SRCROOT)/RxRealmDataSources_tvOSExample/Assets/Supporting Files/Info.plist";
				LD_RUNPATH_SEARCH_PATHS = "$(inherited) @executable_path/Frameworks";
				PRODUCT_BUNDLE_IDENTIFIER = "org.cocoapods.demo.RxRealmDataSources-tvOSExample.RxRealmDataSources-tvOSExample";
				PRODUCT_NAME = "$(TARGET_NAME)";
				SDKROOT = appletvos;
				SWIFT_ACTIVE_COMPILATION_CONDITIONS = DEBUG;
				SWIFT_VERSION = 4.0;
				TARGETED_DEVICE_FAMILY = 3;
				TVOS_DEPLOYMENT_TARGET = 9.0;
			};
			name = Debug;
		};
		A2DFC4B2204F54CF0011234D /* Release */ = {
			isa = XCBuildConfiguration;
			baseConfigurationReference = E7C7AD974680CD46BCA7D8A4 /* Pods-Demo-RxRealmDataSources_tvOSExample.release.xcconfig */;
			buildSettings = {
				ASSETCATALOG_COMPILER_APPICON_NAME = "App Icon & Top Shelf Image";
				ASSETCATALOG_COMPILER_LAUNCHIMAGE_NAME = LaunchImage;
				CLANG_ANALYZER_NONNULL = YES;
				CLANG_ANALYZER_NUMBER_OBJECT_CONVERSION = YES_AGGRESSIVE;
				CLANG_CXX_LANGUAGE_STANDARD = "gnu++14";
				CLANG_WARN_DOCUMENTATION_COMMENTS = YES;
				CLANG_WARN_UNGUARDED_AVAILABILITY = YES_AGGRESSIVE;
				CODE_SIGN_STYLE = Automatic;
				DEVELOPMENT_TEAM = VUA6EB462A;
				GCC_C_LANGUAGE_STANDARD = gnu11;
				INFOPLIST_FILE = "$(SRCROOT)/RxRealmDataSources_tvOSExample/Assets/Supporting Files/Info.plist";
				LD_RUNPATH_SEARCH_PATHS = "$(inherited) @executable_path/Frameworks";
				PRODUCT_BUNDLE_IDENTIFIER = "org.cocoapods.demo.RxRealmDataSources-tvOSExample.RxRealmDataSources-tvOSExample";
				PRODUCT_NAME = "$(TARGET_NAME)";
				SDKROOT = appletvos;
				SWIFT_VERSION = 4.0;
				TARGETED_DEVICE_FAMILY = 3;
				TVOS_DEPLOYMENT_TARGET = 9.0;
			};
			name = Release;
		};
/* End XCBuildConfiguration section */

/* Begin XCConfigurationList section */
		607FACCB1AFB9204008FA782 /* Build configuration list for PBXProject "RxRealmDataSources" */ = {
			isa = XCConfigurationList;
			buildConfigurations = (
				607FACED1AFB9204008FA782 /* Debug */,
				607FACEE1AFB9204008FA782 /* Release */,
			);
			defaultConfigurationIsVisible = 0;
			defaultConfigurationName = Release;
		};
		607FACEF1AFB9204008FA782 /* Build configuration list for PBXNativeTarget "RxRealmDataSources_Example" */ = {
			isa = XCConfigurationList;
			buildConfigurations = (
				607FACF01AFB9204008FA782 /* Debug */,
				607FACF11AFB9204008FA782 /* Release */,
			);
			defaultConfigurationIsVisible = 0;
			defaultConfigurationName = Release;
		};
		9C5B02DB1E1678C80009FBDE /* Build configuration list for PBXNativeTarget "RxRealmDataSources_MacExample" */ = {
			isa = XCConfigurationList;
			buildConfigurations = (
				9C5B02DC1E1678C80009FBDE /* Debug */,
				9C5B02DD1E1678C80009FBDE /* Release */,
			);
			defaultConfigurationIsVisible = 0;
			defaultConfigurationName = Release;
		};
		A2DFC4B0204F54CF0011234D /* Build configuration list for PBXNativeTarget "RxRealmDataSources_tvOSExample" */ = {
			isa = XCConfigurationList;
			buildConfigurations = (
				A2DFC4B1204F54CF0011234D /* Debug */,
				A2DFC4B2204F54CF0011234D /* Release */,
			);
			defaultConfigurationIsVisible = 0;
			defaultConfigurationName = Release;
		};
/* End XCConfigurationList section */
	};
	rootObject = 607FACC81AFB9204008FA782 /* Project object */;
}
